
Microsoft Visual Studio Solution File, Format Version 12.00
# Visual Studio Version 16
VisualStudioVersion = 16.0.29709.97
MinimumVisualStudioVersion = 10.0.40219.1
Project("{FAE04EC0-301F-11D3-BF4B-00C04F79EFBC}") = "OpenTK Reimann Mating", "OpenTK Reimann Mandlebrot\OpenTK Reimann Mating.csproj", "{F05FBEC2-0E78-4914-AF07-902C00CCADDA}"
EndProject
Project("{FAE04EC0-301F-11D3-BF4B-00C04F79EFBC}") = "UnitTestProject1", "UnitTestProject1\UnitTestProject1.csproj", "{4AF345A2-57E2-46F9-8802-7576D9F66B9D}"
EndProject
Global
	GlobalSection(SolutionConfigurationPlatforms) = preSolution
		Debug|Any CPU = Debug|Any CPU
		Release|Any CPU = Release|Any CPU
	EndGlobalSection
	GlobalSection(ProjectConfigurationPlatforms) = postSolution
		{F05FBEC2-0E78-4914-AF07-902C00CCADDA}.Debug|Any CPU.ActiveCfg = Debug|Any CPU
		{F05FBEC2-0E78-4914-AF07-902C00CCADDA}.Debug|Any CPU.Build.0 = Debug|Any CPU
		{F05FBEC2-0E78-4914-AF07-902C00CCADDA}.Release|Any CPU.ActiveCfg = Release|Any CPU
		{F05FBEC2-0E78-4914-AF07-902C00CCADDA}.Release|Any CPU.Build.0 = Release|Any CPU
		{4AF345A2-57E2-46F9-8802-7576D9F66B9D}.Debug|Any CPU.ActiveCfg = Debug|Any CPU
		{4AF345A2-57E2-46F9-8802-7576D9F66B9D}.Debug|Any CPU.Build.0 = Debug|Any CPU
		{4AF345A2-57E2-46F9-8802-7576D9F66B9D}.Release|Any CPU.ActiveCfg = Release|Any CPU
		{4AF345A2-57E2-46F9-8802-7576D9F66B9D}.Release|Any CPU.Build.0 = Release|Any CPU
	EndGlobalSection
	GlobalSection(SolutionProperties) = preSolution
		HideSolutionNode = FALSE
	EndGlobalSection
	GlobalSection(ExtensibilityGlobals) = postSolution
		SolutionGuid = {19FFD47A-1A9A-424C-AE12-EE20B6860F51}
	EndGlobalSection
EndGlobal
